{
  "name": "Feliz.Snabbdom",
  "version": "1.0.0",
  "lockfileVersion": 2,
  "requires": true,
  "packages": {
    "": {
      "version": "1.0.0",
      "license": "ISC",
      "dependencies": {
        "snabbdom": "^2.1.0"
      }
    },
    "node_modules/snabbdom": {
      "version": "2.1.0",
      "resolved": "https://registry.npmjs.org/snabbdom/-/snabbdom-2.1.0.tgz",
      "integrity": "sha512-3GPeO80A2/bob5ADrkRX8FtvW8kHbJ0aRb4XAN2MIN4bY2dprNJkhp87AgfjWgVhIkwgX9DOsuTLjWwBhMXMkQ=="
    }
  },
  "dependencies": {
    "snabbdom": {
      "version": "2.1.0",
      "resolved": "https://registry.npmjs.org/snabbdom/-/snabbdom-2.1.0.tgz",
      "integrity": "sha512-3GPeO80A2/bob5ADrkRX8FtvW8kHbJ0aRb4XAN2MIN4bY2dprNJkhp87AgfjWgVhIkwgX9DOsuTLjWwBhMXMkQ=="
    }
  }
}
